
Microsoft Visual Studio Solution File, Format Version 12.00
# Visual Studio 15
VisualStudioVersion = 15.0.28010.2046
MinimumVisualStudioVersion = 10.0.40219.1
Project("{FAE04EC0-301F-11D3-BF4B-00C04F79EFBC}") = "DCP Ripper", "DCP Ripper\DCP Ripper.csproj", "{7B368DB3-8E87-4C9A-8F4D-72B0D552DBE8}"
EndProject
Global
	GlobalSection(SolutionConfigurationPlatforms) = preSolution
		Debug|Any CPU = Debug|Any CPU
		Release|Any CPU = Release|Any CPU
	EndGlobalSection
	GlobalSection(ProjectConfigurationPlatforms) = postSolution
		{7B368DB3-8E87-4C9A-8F4D-72B0D552DBE8}.Debug|Any CPU.ActiveCfg = Debug|Any CPU
		{7B368DB3-8E87-4C9A-8F4D-72B0D552DBE8}.Debug|Any CPU.Build.0 = Debug|Any CPU
		{7B368DB3-8E87-4C9A-8F4D-72B0D552DBE8}.Release|Any CPU.ActiveCfg = Release|Any CPU
		{7B368DB3-8E87-4C9A-8F4D-72B0D552DBE8}.Release|Any CPU.Build.0 = Release|Any CPU
	EndGlobalSection
	GlobalSection(SolutionProperties) = preSolution
		HideSolutionNode = FALSE
	EndGlobalSection
	GlobalSection(ExtensibilityGlobals) = postSolution
		SolutionGuid = {9EBE60D9-8054-4A0D-9FDA-2A3B4D8ABDDB}
	EndGlobalSection
EndGlobal
